
Microsoft Visual Studio Solution File, Format Version 12.00
# Visual Studio Version 17
VisualStudioVersion = 17.0.32126.317
MinimumVisualStudioVersion = 10.0.40219.1
Project("{FAE04EC0-301F-11D3-BF4B-00C04F79EFBC}") = "BaseGridPanel", "BaseGridPanel\BaseGridPanel.csproj", "{DB6672F1-DDA5-485D-9E7E-61BB0F5734E1}"
EndProject
Global
	GlobalSection(SolutionConfigurationPlatforms) = preSolution
		Debug|Any CPU = Debug|Any CPU
		Release|Any CPU = Release|Any CPU
	EndGlobalSection
	GlobalSection(ProjectConfigurationPlatforms) = postSolution
		{DB6672F1-DDA5-485D-9E7E-61BB0F5734E1}.Debug|Any CPU.ActiveCfg = Debug|Any CPU
		{DB6672F1-DDA5-485D-9E7E-61BB0F5734E1}.Debug|Any CPU.Build.0 = Debug|Any CPU
		{DB6672F1-DDA5-485D-9E7E-61BB0F5734E1}.Release|Any CPU.ActiveCfg = Release|Any CPU
		{DB6672F1-DDA5-485D-9E7E-61BB0F5734E1}.Release|Any CPU.Build.0 = Release|Any CPU
	EndGlobalSection
	GlobalSection(SolutionProperties) = preSolution
		HideSolutionNode = FALSE
	EndGlobalSection
	GlobalSection(ExtensibilityGlobals) = postSolution
		SolutionGuid = {BC657548-A818-4164-AE78-4A691EA81AF1}
	EndGlobalSection
EndGlobal
